
Microsoft Visual Studio Solution File, Format Version 12.00
# Visual Studio Version 17
VisualStudioVersion = 17.0.32112.339
MinimumVisualStudioVersion = 10.0.40219.1
Project("{8BC9CEB8-8B4A-11D0-8D11-00A0C91BC942}") = "Linear_Regression", "Linear_Regression\Linear_Regression.vcxproj", "{AF484704-4E36-4265-8C16-8561362B47B1}"
EndProject
Project("{8BC9CEB8-8B4A-11D0-8D11-00A0C91BC942}") = "Linear_Regression_Assembly", "Linear_Regression_Assembly\Linear_Regression_Assembly.vcxproj", "{7A802E03-C93D-4AE1-80CC-661DEAD56DF1}"
EndProject
Project("{8BC9CEB8-8B4A-11D0-8D11-00A0C91BC942}") = "Linear_Regression_SSE", "Linear_Regression_SSE\Linear_Regression_SSE.vcxproj", "{436BA29A-2E4D-440F-8806-7220BE9CE825}"
EndProject
Project("{8BC9CEB8-8B4A-11D0-8D11-00A0C91BC942}") = "Linear_Regression_SSE_Integer", "Linear_Regressiono_SSE_Integer\Linear_Regressiono_SSE_Integer.vcxproj", "{A1318DA9-3EE3-4107-A8D2-D1D640895DCC}"
EndProject
Project("{8BC9CEB8-8B4A-11D0-8D11-00A0C91BC942}") = "Bench_master", "Bench_master\Bench_master.vcxproj", "{A392F41B-C45E-4986-93F9-4E3173920825}"
EndProject
Global
	GlobalSection(SolutionConfigurationPlatforms) = preSolution
		Debug|x64 = Debug|x64
		Debug|x86 = Debug|x86
		Release|x64 = Release|x64
		Release|x86 = Release|x86
	EndGlobalSection
	GlobalSection(ProjectConfigurationPlatforms) = postSolution
		{AF484704-4E36-4265-8C16-8561362B47B1}.Debug|x64.ActiveCfg = Debug|x64
		{AF484704-4E36-4265-8C16-8561362B47B1}.Debug|x64.Build.0 = Debug|x64
		{AF484704-4E36-4265-8C16-8561362B47B1}.Debug|x86.ActiveCfg = Debug|Win32
		{AF484704-4E36-4265-8C16-8561362B47B1}.Debug|x86.Build.0 = Debug|Win32
		{AF484704-4E36-4265-8C16-8561362B47B1}.Release|x64.ActiveCfg = Release|x64
		{AF484704-4E36-4265-8C16-8561362B47B1}.Release|x64.Build.0 = Release|x64
		{AF484704-4E36-4265-8C16-8561362B47B1}.Release|x86.ActiveCfg = Release|Win32
		{AF484704-4E36-4265-8C16-8561362B47B1}.Release|x86.Build.0 = Release|Win32
		{7A802E03-C93D-4AE1-80CC-661DEAD56DF1}.Debug|x64.ActiveCfg = Debug|x64
		{7A802E03-C93D-4AE1-80CC-661DEAD56DF1}.Debug|x64.Build.0 = Debug|x64
		{7A802E03-C93D-4AE1-80CC-661DEAD56DF1}.Debug|x86.ActiveCfg = Debug|Win32
		{7A802E03-C93D-4AE1-80CC-661DEAD56DF1}.Debug|x86.Build.0 = Debug|Win32
		{7A802E03-C93D-4AE1-80CC-661DEAD56DF1}.Release|x64.ActiveCfg = Release|x64
		{7A802E03-C93D-4AE1-80CC-661DEAD56DF1}.Release|x64.Build.0 = Release|x64
		{7A802E03-C93D-4AE1-80CC-661DEAD56DF1}.Release|x86.ActiveCfg = Release|Win32
		{7A802E03-C93D-4AE1-80CC-661DEAD56DF1}.Release|x86.Build.0 = Release|Win32
		{436BA29A-2E4D-440F-8806-7220BE9CE825}.Debug|x64.ActiveCfg = Debug|x64
		{436BA29A-2E4D-440F-8806-7220BE9CE825}.Debug|x64.Build.0 = Debug|x64
		{436BA29A-2E4D-440F-8806-7220BE9CE825}.Debug|x86.ActiveCfg = Debug|Win32
		{436BA29A-2E4D-440F-8806-7220BE9CE825}.Debug|x86.Build.0 = Debug|Win32
		{436BA29A-2E4D-440F-8806-7220BE9CE825}.Release|x64.ActiveCfg = Release|x64
		{436BA29A-2E4D-440F-8806-7220BE9CE825}.Release|x64.Build.0 = Release|x64
		{436BA29A-2E4D-440F-8806-7220BE9CE825}.Release|x86.ActiveCfg = Release|Win32
		{436BA29A-2E4D-440F-8806-7220BE9CE825}.Release|x86.Build.0 = Release|Win32
		{A1318DA9-3EE3-4107-A8D2-D1D640895DCC}.Debug|x64.ActiveCfg = Debug|x64
		{A1318DA9-3EE3-4107-A8D2-D1D640895DCC}.Debug|x64.Build.0 = Debug|x64
		{A1318DA9-3EE3-4107-A8D2-D1D640895DCC}.Debug|x86.ActiveCfg = Debug|Win32
		{A1318DA9-3EE3-4107-A8D2-D1D640895DCC}.Debug|x86.Build.0 = Debug|Win32
		{A1318DA9-3EE3-4107-A8D2-D1D640895DCC}.Release|x64.ActiveCfg = Release|x64
		{A1318DA9-3EE3-4107-A8D2-D1D640895DCC}.Release|x64.Build.0 = Release|x64
		{A1318DA9-3EE3-4107-A8D2-D1D640895DCC}.Release|x86.ActiveCfg = Release|Win32
		{A1318DA9-3EE3-4107-A8D2-D1D640895DCC}.Release|x86.Build.0 = Release|Win32
		{A392F41B-C45E-4986-93F9-4E3173920825}.Debug|x64.ActiveCfg = Debug|x64
		{A392F41B-C45E-4986-93F9-4E3173920825}.Debug|x64.Build.0 = Debug|x64
		{A392F41B-C45E-4986-93F9-4E3173920825}.Debug|x86.ActiveCfg = Debug|Win32
		{A392F41B-C45E-4986-93F9-4E3173920825}.Debug|x86.Build.0 = Debug|Win32
		{A392F41B-C45E-4986-93F9-4E3173920825}.Release|x64.ActiveCfg = Release|x64
		{A392F41B-C45E-4986-93F9-4E3173920825}.Release|x64.Build.0 = Release|x64
		{A392F41B-C45E-4986-93F9-4E3173920825}.Release|x86.ActiveCfg = Release|Win32
		{A392F41B-C45E-4986-93F9-4E3173920825}.Release|x86.Build.0 = Release|Win32
	EndGlobalSection
	GlobalSection(SolutionProperties) = preSolution
		HideSolutionNode = FALSE
	EndGlobalSection
	GlobalSection(ExtensibilityGlobals) = postSolution
		SolutionGuid = {03CDC793-A9C6-46A1-A6AF-5B5B7A4D34D6}
	EndGlobalSection
EndGlobal
